// !$*UTF8*$!
{
	archiveVersion = 1;
	classes = {
	};
	objectVersion = 56;
	objects = {

/* Begin PBXBuildFile section */
		2920065E2B2F5BA10084B136 /* CookcademyApp.swift in Sources */ = {isa = PBXBuildFile; fileRef = 2920065D2B2F5BA10084B136 /* CookcademyApp.swift */; };
		292006602B2F5BA10084B136 /* RecipesListView.swift in Sources */ = {isa = PBXBuildFile; fileRef = 2920065F2B2F5BA10084B136 /* RecipesListView.swift */; };
		292006622B2F5BA20084B136 /* Assets.xcassets in Resources */ = {isa = PBXBuildFile; fileRef = 292006612B2F5BA20084B136 /* Assets.xcassets */; };
		292006652B2F5BA20084B136 /* Preview Assets.xcassets in Resources */ = {isa = PBXBuildFile; fileRef = 292006642B2F5BA20084B136 /* Preview Assets.xcassets */; };
		2937C4812B312BEA00A75558 /* RecipeCategoryGridView.swift in Sources */ = {isa = PBXBuildFile; fileRef = 2937C4802B312BEA00A75558 /* RecipeCategoryGridView.swift */; };
		2937E1432B2F640700EA6E33 /* Recipe.swift in Sources */ = {isa = PBXBuildFile; fileRef = 2937E1422B2F640700EA6E33 /* Recipe.swift */; };
		296A279D2B33D29E00B79612 /* ModifyRecipeView.swift in Sources */ = {isa = PBXBuildFile; fileRef = 296A279C2B33D29E00B79612 /* ModifyRecipeView.swift */; };
		2989E3792B2FEA07006E2351 /* Recipe Data.swift in Sources */ = {isa = PBXBuildFile; fileRef = 2989E3782B2FEA07006E2351 /* Recipe Data.swift */; };
		2989E37B2B2FECB7006E2351 /* RecipeDetailView.swift in Sources */ = {isa = PBXBuildFile; fileRef = 2989E37A2B2FECB7006E2351 /* RecipeDetailView.swift */; };
		2989E37F2B2FF149006E2351 /* AppColor.swift in Sources */ = {isa = PBXBuildFile; fileRef = 2989E37E2B2FF149006E2351 /* AppColor.swift */; };
		29AC61C82B3FE17400308EA8 /* ModifyMainInformationView.swift in Sources */ = {isa = PBXBuildFile; fileRef = 29AC61C72B3FE17400308EA8 /* ModifyMainInformationView.swift */; };
/* End PBXBuildFile section */

/* Begin PBXFileReference section */
		2920065A2B2F5BA10084B136 /* Cookcademy.app */ = {isa = PBXFileReference; explicitFileType = wrapper.application; includeInIndex = 0; path = Cookcademy.app; sourceTree = BUILT_PRODUCTS_DIR; };
		2920065D2B2F5BA10084B136 /* CookcademyApp.swift */ = {isa = PBXFileReference; lastKnownFileType = sourcecode.swift; path = CookcademyApp.swift; sourceTree = "<group>"; };
		2920065F2B2F5BA10084B136 /* RecipesListView.swift */ = {isa = PBXFileReference; lastKnownFileType = sourcecode.swift; path = RecipesListView.swift; sourceTree = "<group>"; };
		292006612B2F5BA20084B136 /* Assets.xcassets */ = {isa = PBXFileReference; lastKnownFileType = folder.assetcatalog; path = Assets.xcassets; sourceTree = "<group>"; };
		292006642B2F5BA20084B136 /* Preview Assets.xcassets */ = {isa = PBXFileReference; lastKnownFileType = folder.assetcatalog; path = "Preview Assets.xcassets"; sourceTree = "<group>"; };
		2937C4802B312BEA00A75558 /* RecipeCategoryGridView.swift */ = {isa = PBXFileReference; lastKnownFileType = sourcecode.swift; path = RecipeCategoryGridView.swift; sourceTree = "<group>"; };
		2937E1422B2F640700EA6E33 /* Recipe.swift */ = {isa = PBXFileReference; lastKnownFileType = sourcecode.swift; path = Recipe.swift; sourceTree = "<group>"; };
		296A279C2B33D29E00B79612 /* ModifyRecipeView.swift */ = {isa = PBXFileReference; lastKnownFileType = sourcecode.swift; path = ModifyRecipeView.swift; sourceTree = "<group>"; };
		2989E3782B2FEA07006E2351 /* Recipe Data.swift */ = {isa = PBXFileReference; lastKnownFileType = sourcecode.swift; path = "Recipe Data.swift"; sourceTree = "<group>"; };
		2989E37A2B2FECB7006E2351 /* RecipeDetailView.swift */ = {isa = PBXFileReference; lastKnownFileType = sourcecode.swift; path = RecipeDetailView.swift; sourceTree = "<group>"; };
		2989E37E2B2FF149006E2351 /* AppColor.swift */ = {isa = PBXFileReference; lastKnownFileType = sourcecode.swift; path = AppColor.swift; sourceTree = "<group>"; };
		29AC61C72B3FE17400308EA8 /* ModifyMainInformationView.swift */ = {isa = PBXFileReference; lastKnownFileType = sourcecode.swift; path = ModifyMainInformationView.swift; sourceTree = "<group>"; };
/* End PBXFileReference section */

/* Begin PBXFrameworksBuildPhase section */
		292006572B2F5BA10084B136 /* Frameworks */ = {
			isa = PBXFrameworksBuildPhase;
			buildActionMask = 2147483647;
			files = (
			);
			runOnlyForDeploymentPostprocessing = 0;
		};
/* End PBXFrameworksBuildPhase section */

/* Begin PBXGroup section */
		292006512B2F5BA10084B136 = {
			isa = PBXGroup;
			children = (
				2920065C2B2F5BA10084B136 /* Cookcademy */,
				2920065B2B2F5BA10084B136 /* Products */,
			);
			sourceTree = "<group>";
		};
		2920065B2B2F5BA10084B136 /* Products */ = {
			isa = PBXGroup;
			children = (
				2920065A2B2F5BA10084B136 /* Cookcademy.app */,
			);
			name = Products;
			sourceTree = "<group>";
		};
		2920065C2B2F5BA10084B136 /* Cookcademy */ = {
			isa = PBXGroup;
			children = (
				2920065D2B2F5BA10084B136 /* CookcademyApp.swift */,
				29DD01682B2FE70D00BF1EA6 /* ViewModel */,
				2937E1452B2F641700EA6E33 /* Views */,
				2937E1442B2F641100EA6E33 /* Models */,
				292006612B2F5BA20084B136 /* Assets.xcassets */,
				292006632B2F5BA20084B136 /* Preview Content */,
			);
			path = Cookcademy;
			sourceTree = "<group>";
		};
		292006632B2F5BA20084B136 /* Preview Content */ = {
			isa = PBXGroup;
			children = (
				292006642B2F5BA20084B136 /* Preview Assets.xcassets */,
			);
			path = "Preview Content";
			sourceTree = "<group>";
		};
		2937E1442B2F641100EA6E33 /* Models */ = {
			isa = PBXGroup;
			children = (
				2937E1422B2F640700EA6E33 /* Recipe.swift */,
			);
			path = Models;
			sourceTree = "<group>";
		};
		2937E1452B2F641700EA6E33 /* Views */ = {
			isa = PBXGroup;
			children = (
				296A279A2B33D21400B79612 /* ExploreRecipes */,
				296A279B2B33D24600B79612 /* ModifyRecipes */,
			);
			path = Views;
			sourceTree = "<group>";
		};
		296A279A2B33D21400B79612 /* ExploreRecipes */ = {
			isa = PBXGroup;
			children = (
				2920065F2B2F5BA10084B136 /* RecipesListView.swift */,
				2989E37A2B2FECB7006E2351 /* RecipeDetailView.swift */,
				2937C4802B312BEA00A75558 /* RecipeCategoryGridView.swift */,
			);
			path = ExploreRecipes;
			sourceTree = "<group>";
		};
		296A279B2B33D24600B79612 /* ModifyRecipes */ = {
			isa = PBXGroup;
			children = (
				296A279C2B33D29E00B79612 /* ModifyRecipeView.swift */,
				29AC61C72B3FE17400308EA8 /* ModifyMainInformationView.swift */,
			);
			path = ModifyRecipes;
			sourceTree = "<group>";
		};
		29DD01682B2FE70D00BF1EA6 /* ViewModel */ = {
			isa = PBXGroup;
			children = (
				2989E3782B2FEA07006E2351 /* Recipe Data.swift */,
				2989E37E2B2FF149006E2351 /* AppColor.swift */,
			);
			path = ViewModel;
			sourceTree = "<group>";
		};
/* End PBXGroup section */

/* Begin PBXNativeTarget section */
		292006592B2F5BA10084B136 /* Cookcademy */ = {
			isa = PBXNativeTarget;
			buildConfigurationList = 292006682B2F5BA20084B136 /* Build configuration list for PBXNativeTarget "Cookcademy" */;
			buildPhases = (
				292006562B2F5BA10084B136 /* Sources */,
				292006572B2F5BA10084B136 /* Frameworks */,
				292006582B2F5BA10084B136 /* Resources */,
			);
			buildRules = (
			);
			dependencies = (
			);
			name = Cookcademy;
			productName = Cookcademy;
			productReference = 2920065A2B2F5BA10084B136 /* Cookcademy.app */;
			productType = "com.apple.product-type.application";
		};
/* End PBXNativeTarget section */

/* Begin PBXProject section */
		292006522B2F5BA10084B136 /* Project object */ = {
			isa = PBXProject;
			attributes = {
				BuildIndependentTargetsInParallel = 1;
				LastSwiftUpdateCheck = 1510;
				LastUpgradeCheck = 1510;
				TargetAttributes = {
					292006592B2F5BA10084B136 = {
						CreatedOnToolsVersion = 15.1;
					};
				};
			};
			buildConfigurationList = 292006552B2F5BA10084B136 /* Build configuration list for PBXProject "Cookcademy" */;
			compatibilityVersion = "Xcode 14.0";
			developmentRegion = en;
			hasScannedForEncodings = 0;
			knownRegions = (
				en,
				Base,
			);
			mainGroup = 292006512B2F5BA10084B136;
			productRefGroup = 2920065B2B2F5BA10084B136 /* Products */;
			projectDirPath = "";
			projectRoot = "";
			targets = (
				292006592B2F5BA10084B136 /* Cookcademy */,
			);
		};
/* End PBXProject section */

/* Begin PBXResourcesBuildPhase section */
		292006582B2F5BA10084B136 /* Resources */ = {
			isa = PBXResourcesBuildPhase;
			buildActionMask = 2147483647;
			files = (
				292006652B2F5BA20084B136 /* Preview Assets.xcassets in Resources */,
				292006622B2F5BA20084B136 /* Assets.xcassets in Resources */,
			);
			runOnlyForDeploymentPostprocessing = 0;
		};
/* End PBXResourcesBuildPhase section */

/* Begin PBXSourcesBuildPhase section */
		292006562B2F5BA10084B136 /* Sources */ = {
			isa = PBXSourcesBuildPhase;
			buildActionMask = 2147483647;
			files = (
				2937E1432B2F640700EA6E33 /* Recipe.swift in Sources */,
				2989E37B2B2FECB7006E2351 /* RecipeDetailView.swift in Sources */,
				2937C4812B312BEA00A75558 /* RecipeCategoryGridView.swift in Sources */,
				292006602B2F5BA10084B136 /* RecipesListView.swift in Sources */,
				296A279D2B33D29E00B79612 /* ModifyRecipeView.swift in Sources */,
				2989E3792B2FEA07006E2351 /* Recipe Data.swift in Sources */,
				2920065E2B2F5BA10084B136 /* CookcademyApp.swift in Sources */,
				29AC61C82B3FE17400308EA8 /* ModifyMainInformationView.swift in Sources */,
				2989E37F2B2FF149006E2351 /* AppColor.swift in Sources */,
			);
			runOnlyForDeploymentPostprocessing = 0;
		};
/* End PBXSourcesBuildPhase section */

/* Begin XCBuildConfiguration section */
		292006662B2F5BA20084B136 /* Debug */ = {
			isa = XCBuildConfiguration;
			buildSettings = {
				ALWAYS_SEARCH_USER_PATHS = NO;
				ASSETCATALOG_COMPILER_GENERATE_SWIFT_ASSET_SYMBOL_EXTENSIONS = YES;
				CLANG_ANALYZER_NONNULL = YES;
				CLANG_ANALYZER_NUMBER_OBJECT_CONVERSION = YES_AGGRESSIVE;
				CLANG_CXX_LANGUAGE_STANDARD = "gnu++20";
				CLANG_ENABLE_MODULES = YES;
				CLANG_ENABLE_OBJC_ARC = YES;
				CLANG_ENABLE_OBJC_WEAK = YES;
				CLANG_WARN_BLOCK_CAPTURE_AUTORELEASING = YES;
				CLANG_WARN_BOOL_CONVERSION = YES;
				CLANG_WARN_COMMA = YES;
				CLANG_WARN_CONSTANT_CONVERSION = YES;
				CLANG_WARN_DEPRECATED_OBJC_IMPLEMENTATIONS = YES;
				CLANG_WARN_DIRECT_OBJC_ISA_USAGE = YES_ERROR;
				CLANG_WARN_DOCUMENTATION_COMMENTS = YES;
				CLANG_WARN_EMPTY_BODY = YES;
				CLANG_WARN_ENUM_CONVERSION = YES;
				CLANG_WARN_INFINITE_RECURSION = YES;
				CLANG_WARN_INT_CONVERSION = YES;
				CLANG_WARN_NON_LITERAL_NULL_CONVERSION = YES;
				CLANG_WARN_OBJC_IMPLICIT_RETAIN_SELF = YES;
				CLANG_WARN_OBJC_LITERAL_CONVERSION = YES;
				CLANG_WARN_OBJC_ROOT_CLASS = YES_ERROR;
				CLANG_WARN_QUOTED_INCLUDE_IN_FRAMEWORK_HEADER = YES;
				CLANG_WARN_RANGE_LOOP_ANALYSIS = YES;
				CLANG_WARN_STRICT_PROTOTYPES = YES;
				CLANG_WARN_SUSPICIOUS_MOVE = YES;
				CLANG_WARN_UNGUARDED_AVAILABILITY = YES_AGGRESSIVE;
				CLANG_WARN_UNREACHABLE_CODE = YES;
				CLANG_WARN__DUPLICATE_METHOD_MATCH = YES;
				COPY_PHASE_STRIP = NO;
				DEBUG_INFORMATION_FORMAT = dwarf;
				ENABLE_STRICT_OBJC_MSGSEND = YES;
				ENABLE_TESTABILITY = YES;
				ENABLE_USER_SCRIPT_SANDBOXING = YES;
				GCC_C_LANGUAGE_STANDARD = gnu17;
				GCC_DYNAMIC_NO_PIC = NO;
				GCC_NO_COMMON_BLOCKS = YES;
				GCC_OPTIMIZATION_LEVEL = 0;
				GCC_PREPROCESSOR_DEFINITIONS = (
					"DEBUG=1",
					"$(inherited)",
				);
				GCC_WARN_64_TO_32_BIT_CONVERSION = YES;
				GCC_WARN_ABOUT_RETURN_TYPE = YES_ERROR;
				GCC_WARN_UNDECLARED_SELECTOR = YES;
				GCC_WARN_UNINITIALIZED_AUTOS = YES_AGGRESSIVE;
				GCC_WARN_UNUSED_FUNCTION = YES;
				GCC_WARN_UNUSED_VARIABLE = YES;
				IPHONEOS_DEPLOYMENT_TARGET = 17.2;
				LOCALIZATION_PREFERS_STRING_CATALOGS = YES;
				MTL_ENABLE_DEBUG_INFO = INCLUDE_SOURCE;
				MTL_FAST_MATH = YES;
				ONLY_ACTIVE_ARCH = YES;
				SDKROOT = iphoneos;
				SWIFT_ACTIVE_COMPILATION_CONDITIONS = "DEBUG $(inherited)";
				SWIFT_OPTIMIZATION_LEVEL = "-Onone";
			};
			name = Debug;
		};
		292006672B2F5BA20084B136 /* Release */ = {
			isa = XCBuildConfiguration;
			buildSettings = {
				ALWAYS_SEARCH_USER_PATHS = NO;
				ASSETCATALOG_COMPILER_GENERATE_SWIFT_ASSET_SYMBOL_EXTENSIONS = YES;
				CLANG_ANALYZER_NONNULL = YES;
				CLANG_ANALYZER_NUMBER_OBJECT_CONVERSION = YES_AGGRESSIVE;
				CLANG_CXX_LANGUAGE_STANDARD = "gnu++20";
				CLANG_ENABLE_MODULES = YES;
				CLANG_ENABLE_OBJC_ARC = YES;
				CLANG_ENABLE_OBJC_WEAK = YES;
				CLANG_WARN_BLOCK_CAPTURE_AUTORELEASING = YES;
				CLANG_WARN_BOOL_CONVERSION = YES;
				CLANG_WARN_COMMA = YES;
				CLANG_WARN_CONSTANT_CONVERSION = YES;
				CLANG_WARN_DEPRECATED_OBJC_IMPLEMENTATIONS = YES;
				CLANG_WARN_DIRECT_OBJC_ISA_USAGE = YES_ERROR;
				CLANG_WARN_DOCUMENTATION_COMMENTS = YES;
				CLANG_WARN_EMPTY_BODY = YES;
				CLANG_WARN_ENUM_CONVERSION = YES;
				CLANG_WARN_INFINITE_RECURSION = YES;
				CLANG_WARN_INT_CONVERSION = YES;
				CLANG_WARN_NON_LITERAL_NULL_CONVERSION = YES;
				CLANG_WARN_OBJC_IMPLICIT_RETAIN_SELF = YES;
				CLANG_WARN_OBJC_LITERAL_CONVERSION = YES;
				CLANG_WARN_OBJC_ROOT_CLASS = YES_ERROR;
				CLANG_WARN_QUOTED_INCLUDE_IN_FRAMEWORK_HEADER = YES;
				CLANG_WARN_RANGE_LOOP_ANALYSIS = YES;
				CLANG_WARN_STRICT_PROTOTYPES = YES;
				CLANG_WARN_SUSPICIOUS_MOVE = YES;
				CLANG_WARN_UNGUARDED_AVAILABILITY = YES_AGGRESSIVE;
				CLANG_WARN_UNREACHABLE_CODE = YES;
				CLANG_WARN__DUPLICATE_METHOD_MATCH = YES;
				COPY_PHASE_STRIP = NO;
				DEBUG_INFORMATION_FORMAT = "dwarf-with-dsym";
				ENABLE_NS_ASSERTIONS = NO;
				ENABLE_STRICT_OBJC_MSGSEND = YES;
				ENABLE_USER_SCRIPT_SANDBOXING = YES;
				GCC_C_LANGUAGE_STANDARD = gnu17;
				GCC_NO_COMMON_BLOCKS = YES;
				GCC_WARN_64_TO_32_BIT_CONVERSION = YES;
				GCC_WARN_ABOUT_RETURN_TYPE = YES_ERROR;
				GCC_WARN_UNDECLARED_SELECTOR = YES;
				GCC_WARN_UNINITIALIZED_AUTOS = YES_AGGRESSIVE;
				GCC_WARN_UNUSED_FUNCTION = YES;
				GCC_WARN_UNUSED_VARIABLE = YES;
				IPHONEOS_DEPLOYMENT_TARGET = 17.2;
				LOCALIZATION_PREFERS_STRING_CATALOGS = YES;
				MTL_ENABLE_DEBUG_INFO = NO;
				MTL_FAST_MATH = YES;
				SDKROOT = iphoneos;
				SWIFT_COMPILATION_MODE = wholemodule;
				VALIDATE_PRODUCT = YES;
			};
			name = Release;
		};
		292006692B2F5BA20084B136 /* Debug */ = {
			isa = XCBuildConfiguration;
			buildSettings = {
				ASSETCATALOG_COMPILER_APPICON_NAME = AppIcon;
				ASSETCATALOG_COMPILER_GLOBAL_ACCENT_COLOR_NAME = AccentColor;
				CODE_SIGN_STYLE = Automatic;
				CURRENT_PROJECT_VERSION = 1;
				DEVELOPMENT_ASSET_PATHS = "\"Cookcademy/Preview Content\"";
				DEVELOPMENT_TEAM = 98B4G264VD;
				ENABLE_PREVIEWS = YES;
				GENERATE_INFOPLIST_FILE = YES;
				INFOPLIST_KEY_UIApplicationSceneManifest_Generation = YES;
				INFOPLIST_KEY_UIApplicationSupportsIndirectInputEvents = YES;
				INFOPLIST_KEY_UILaunchScreen_Generation = YES;
				INFOPLIST_KEY_UISupportedInterfaceOrientations_iPad = "UIInterfaceOrientationPortrait UIInterfaceOrientationPortraitUpsideDown UIInterfaceOrientationLandscapeLeft UIInterfaceOrientationLandscapeRight";
				INFOPLIST_KEY_UISupportedInterfaceOrientations_iPhone = "UIInterfaceOrientationPortrait UIInterfaceOrientationLandscapeLeft UIInterfaceOrientationLandscapeRight";
				LD_RUNPATH_SEARCH_PATHS = (
					"$(inherited)",
					"@executable_path/Frameworks",
				);
				MARKETING_VERSION = 1.0;
				PRODUCT_BUNDLE_IDENTIFIER = "com.brett-atkinson.Cookcademy";
				PRODUCT_NAME = "$(TARGET_NAME)";
				SWIFT_EMIT_LOC_STRINGS = YES;
				SWIFT_VERSION = 5.0;
				TARGETED_DEVICE_FAMILY = "1,2";
			};
			name = Debug;
		};
		2920066A2B2F5BA20084B136 /* Release */ = {
			isa = XCBuildConfiguration;
			buildSettings = {
				ASSETCATALOG_COMPILER_APPICON_NAME = AppIcon;
				ASSETCATALOG_COMPILER_GLOBAL_ACCENT_COLOR_NAME = AccentColor;
				CODE_SIGN_STYLE = Automatic;
				CURRENT_PROJECT_VERSION = 1;
				DEVELOPMENT_ASSET_PATHS = "\"Cookcademy/Preview Content\"";
				DEVELOPMENT_TEAM = 98B4G264VD;
				ENABLE_PREVIEWS = YES;
				GENERATE_INFOPLIST_FILE = YES;
				INFOPLIST_KEY_UIApplicationSceneManifest_Generation = YES;
				INFOPLIST_KEY_UIApplicationSupportsIndirectInputEvents = YES;
				INFOPLIST_KEY_UILaunchScreen_Generation = YES;
				INFOPLIST_KEY_UISupportedInterfaceOrientations_iPad = "UIInterfaceOrientationPortrait UIInterfaceOrientationPortraitUpsideDown UIInterfaceOrientationLandscapeLeft UIInterfaceOrientationLandscapeRight";
				INFOPLIST_KEY_UISupportedInterfaceOrientations_iPhone = "UIInterfaceOrientationPortrait UIInterfaceOrientationLandscapeLeft UIInterfaceOrientationLandscapeRight";
				LD_RUNPATH_SEARCH_PATHS = (
					"$(inherited)",
					"@executable_path/Frameworks",
				);
				MARKETING_VERSION = 1.0;
				PRODUCT_BUNDLE_IDENTIFIER = "com.brett-atkinson.Cookcademy";
				PRODUCT_NAME = "$(TARGET_NAME)";
				SWIFT_EMIT_LOC_STRINGS = YES;
				SWIFT_VERSION = 5.0;
				TARGETED_DEVICE_FAMILY = "1,2";
			};
			name = Release;
		};
/* End XCBuildConfiguration section */

/* Begin XCConfigurationList section */
		292006552B2F5BA10084B136 /* Build configuration list for PBXProject "Cookcademy" */ = {
			isa = XCConfigurationList;
			buildConfigurations = (
				292006662B2F5BA20084B136 /* Debug */,
				292006672B2F5BA20084B136 /* Release */,
			);
			defaultConfigurationIsVisible = 0;
			defaultConfigurationName = Release;
		};
		292006682B2F5BA20084B136 /* Build configuration list for PBXNativeTarget "Cookcademy" */ = {
			isa = XCConfigurationList;
			buildConfigurations = (
				292006692B2F5BA20084B136 /* Debug */,
				2920066A2B2F5BA20084B136 /* Release */,
			);
			defaultConfigurationIsVisible = 0;
			defaultConfigurationName = Release;
		};
/* End XCConfigurationList section */
	};
	rootObject = 292006522B2F5BA10084B136 /* Project object */;
}
